// !$*UTF8*$!
{
	archiveVersion = 1;
	classes = {
	};
	objectVersion = 46;
	objects = {

/* Begin PBXBuildFile section */
		D498BB2FEC770AA26B2BE029 /* libPods-VideoApp.a in Frameworks */ = {isa = PBXBuildFile; fileRef = F2444DAA5E515D0267C7C5E0 /* libPods-VideoApp.a */; };
		D529817B1CAD7955000E2F1B /* main.m in Sources */ = {isa = PBXBuildFile; fileRef = D529817A1CAD7955000E2F1B /* main.m */; };
		D529817E1CAD7955000E2F1B /* AppDelegate.m in Sources */ = {isa = PBXBuildFile; fileRef = D529817D1CAD7955000E2F1B /* AppDelegate.m */; };
		D52981841CAD7955000E2F1B /* Main.storyboard in Resources */ = {isa = PBXBuildFile; fileRef = D52981821CAD7955000E2F1B /* Main.storyboard */; };
		D52981861CAD7955000E2F1B /* Assets.xcassets in Resources */ = {isa = PBXBuildFile; fileRef = D52981851CAD7955000E2F1B /* Assets.xcassets */; };
		D52981891CAD7955000E2F1B /* LaunchScreen.storyboard in Resources */ = {isa = PBXBuildFile; fileRef = D52981871CAD7955000E2F1B /* LaunchScreen.storyboard */; };
		D52981941CAD7955000E2F1B /* VideoAppTests.m in Sources */ = {isa = PBXBuildFile; fileRef = D52981931CAD7955000E2F1B /* VideoAppTests.m */; };
		D529819F1CAD7955000E2F1B /* VideoAppUITests.m in Sources */ = {isa = PBXBuildFile; fileRef = D529819E1CAD7955000E2F1B /* VideoAppUITests.m */; };
		D52981AF1CAD79B0000E2F1B /* VideoCollectionViewController.m in Sources */ = {isa = PBXBuildFile; fileRef = D52981AE1CAD79B0000E2F1B /* VideoCollectionViewController.m */; };
		D52981B31CAD7AC0000E2F1B /* VideoCollectionViewCell.m in Sources */ = {isa = PBXBuildFile; fileRef = D52981B21CAD7AC0000E2F1B /* VideoCollectionViewCell.m */; };
		D52981B71CAD8F30000E2F1B /* FavoriteTableViewController.m in Sources */ = {isa = PBXBuildFile; fileRef = D52981B61CAD8F30000E2F1B /* FavoriteTableViewController.m */; };
		D52981BB1CADA584000E2F1B /* Video.m in Sources */ = {isa = PBXBuildFile; fileRef = D52981BA1CADA584000E2F1B /* Video.m */; };
		D52981C41CADB1C4000E2F1B /* UIImage+Helpers.m in Sources */ = {isa = PBXBuildFile; fileRef = D52981C31CADB1C4000E2F1B /* UIImage+Helpers.m */; };
		D5865B471CAEC28100C49F63 /* VideoHelper.m in Sources */ = {isa = PBXBuildFile; fileRef = D5865B461CAEC28100C49F63 /* VideoHelper.m */; };
		D5865B4A1CAEE1A400C49F63 /* VideoTabBarController.m in Sources */ = {isa = PBXBuildFile; fileRef = D5865B491CAEE1A400C49F63 /* VideoTabBarController.m */; };
		D5865B4D1CAEEC6400C49F63 /* VideoTableViewCell.m in Sources */ = {isa = PBXBuildFile; fileRef = D5865B4C1CAEEC6400C49F63 /* VideoTableViewCell.m */; };
		D5870DEA1CB2C20800EFE6B9 /* LineLayout.m in Sources */ = {isa = PBXBuildFile; fileRef = D5870DE91CB2C20800EFE6B9 /* LineLayout.m */; };
/* End PBXBuildFile section */

/* Begin PBXContainerItemProxy section */
		D52981901CAD7955000E2F1B /* PBXContainerItemProxy */ = {
			isa = PBXContainerItemProxy;
			containerPortal = D529816E1CAD7955000E2F1B /* Project object */;
			proxyType = 1;
			remoteGlobalIDString = D52981751CAD7955000E2F1B;
			remoteInfo = VideoApp;
		};
		D529819B1CAD7955000E2F1B /* PBXContainerItemProxy */ = {
			isa = PBXContainerItemProxy;
			containerPortal = D529816E1CAD7955000E2F1B /* Project object */;
			proxyType = 1;
			remoteGlobalIDString = D52981751CAD7955000E2F1B;
			remoteInfo = VideoApp;
		};
/* End PBXContainerItemProxy section */

/* Begin PBXFileReference section */
		20670FB5B886BB197A686A79 /* Pods-VideoApp.debug.xcconfig */ = {isa = PBXFileReference; includeInIndex = 1; lastKnownFileType = text.xcconfig; name = "Pods-VideoApp.debug.xcconfig"; path = "Pods/Target Support Files/Pods-VideoApp/Pods-VideoApp.debug.xcconfig"; sourceTree = "<group>"; };
		25AA26CEE8C607FB070A4EF5 /* Pods-VideoApp.release.xcconfig */ = {isa = PBXFileReference; includeInIndex = 1; lastKnownFileType = text.xcconfig; name = "Pods-VideoApp.release.xcconfig"; path = "Pods/Target Support Files/Pods-VideoApp/Pods-VideoApp.release.xcconfig"; sourceTree = "<group>"; };
		D52981761CAD7955000E2F1B /* VideoApp.app */ = {isa = PBXFileReference; explicitFileType = wrapper.application; includeInIndex = 0; path = VideoApp.app; sourceTree = BUILT_PRODUCTS_DIR; };
		D529817A1CAD7955000E2F1B /* main.m */ = {isa = PBXFileReference; lastKnownFileType = sourcecode.c.objc; path = main.m; sourceTree = "<group>"; };
		D529817C1CAD7955000E2F1B /* AppDelegate.h */ = {isa = PBXFileReference; lastKnownFileType = sourcecode.c.h; path = AppDelegate.h; sourceTree = "<group>"; };
		D529817D1CAD7955000E2F1B /* AppDelegate.m */ = {isa = PBXFileReference; lastKnownFileType = sourcecode.c.objc; path = AppDelegate.m; sourceTree = "<group>"; };
		D52981831CAD7955000E2F1B /* Base */ = {isa = PBXFileReference; lastKnownFileType = file.storyboard; name = Base; path = Base.lproj/Main.storyboard; sourceTree = "<group>"; };
		D52981851CAD7955000E2F1B /* Assets.xcassets */ = {isa = PBXFileReference; lastKnownFileType = folder.assetcatalog; path = Assets.xcassets; sourceTree = "<group>"; };
		D52981881CAD7955000E2F1B /* Base */ = {isa = PBXFileReference; lastKnownFileType = file.storyboard; name = Base; path = Base.lproj/LaunchScreen.storyboard; sourceTree = "<group>"; };
		D529818A1CAD7955000E2F1B /* Info.plist */ = {isa = PBXFileReference; lastKnownFileType = text.plist.xml; path = Info.plist; sourceTree = "<group>"; };
		D529818F1CAD7955000E2F1B /* VideoAppTests.xctest */ = {isa = PBXFileReference; explicitFileType = wrapper.cfbundle; includeInIndex = 0; path = VideoAppTests.xctest; sourceTree = BUILT_PRODUCTS_DIR; };
		D52981931CAD7955000E2F1B /* VideoAppTests.m */ = {isa = PBXFileReference; lastKnownFileType = sourcecode.c.objc; path = VideoAppTests.m; sourceTree = "<group>"; };
		D52981951CAD7955000E2F1B /* Info.plist */ = {isa = PBXFileReference; lastKnownFileType = text.plist.xml; path = Info.plist; sourceTree = "<group>"; };
		D529819A1CAD7955000E2F1B /* VideoAppUITests.xctest */ = {isa = PBXFileReference; explicitFileType = wrapper.cfbundle; includeInIndex = 0; path = VideoAppUITests.xctest; sourceTree = BUILT_PRODUCTS_DIR; };
		D529819E1CAD7955000E2F1B /* VideoAppUITests.m */ = {isa = PBXFileReference; lastKnownFileType = sourcecode.c.objc; path = VideoAppUITests.m; sourceTree = "<group>"; };
		D52981A01CAD7955000E2F1B /* Info.plist */ = {isa = PBXFileReference; lastKnownFileType = text.plist.xml; path = Info.plist; sourceTree = "<group>"; };
		D52981AD1CAD79B0000E2F1B /* VideoCollectionViewController.h */ = {isa = PBXFileReference; fileEncoding = 4; lastKnownFileType = sourcecode.c.h; path = VideoCollectionViewController.h; sourceTree = "<group>"; };
		D52981AE1CAD79B0000E2F1B /* VideoCollectionViewController.m */ = {isa = PBXFileReference; fileEncoding = 4; lastKnownFileType = sourcecode.c.objc; path = VideoCollectionViewController.m; sourceTree = "<group>"; };
		D52981B11CAD7AC0000E2F1B /* VideoCollectionViewCell.h */ = {isa = PBXFileReference; fileEncoding = 4; lastKnownFileType = sourcecode.c.h; path = VideoCollectionViewCell.h; sourceTree = "<group>"; };
		D52981B21CAD7AC0000E2F1B /* VideoCollectionViewCell.m */ = {isa = PBXFileReference; fileEncoding = 4; lastKnownFileType = sourcecode.c.objc; path = VideoCollectionViewCell.m; sourceTree = "<group>"; };
		D52981B51CAD8F30000E2F1B /* FavoriteTableViewController.h */ = {isa = PBXFileReference; fileEncoding = 4; lastKnownFileType = sourcecode.c.h; path = FavoriteTableViewController.h; sourceTree = "<group>"; };
		D52981B61CAD8F30000E2F1B /* FavoriteTableViewController.m */ = {isa = PBXFileReference; fileEncoding = 4; lastKnownFileType = sourcecode.c.objc; path = FavoriteTableViewController.m; sourceTree = "<group>"; };
		D52981B91CADA584000E2F1B /* Video.h */ = {isa = PBXFileReference; fileEncoding = 4; lastKnownFileType = sourcecode.c.h; path = Video.h; sourceTree = "<group>"; };
		D52981BA1CADA584000E2F1B /* Video.m */ = {isa = PBXFileReference; fileEncoding = 4; lastKnownFileType = sourcecode.c.objc; path = Video.m; sourceTree = "<group>"; };
		D52981C21CADB1C4000E2F1B /* UIImage+Helpers.h */ = {isa = PBXFileReference; fileEncoding = 4; lastKnownFileType = sourcecode.c.h; path = "UIImage+Helpers.h"; sourceTree = "<group>"; };
		D52981C31CADB1C4000E2F1B /* UIImage+Helpers.m */ = {isa = PBXFileReference; fileEncoding = 4; lastKnownFileType = sourcecode.c.objc; path = "UIImage+Helpers.m"; sourceTree = "<group>"; };
		D5865B451CAEC28100C49F63 /* VideoHelper.h */ = {isa = PBXFileReference; fileEncoding = 4; lastKnownFileType = sourcecode.c.h; path = VideoHelper.h; sourceTree = "<group>"; };
		D5865B461CAEC28100C49F63 /* VideoHelper.m */ = {isa = PBXFileReference; fileEncoding = 4; lastKnownFileType = sourcecode.c.objc; path = VideoHelper.m; sourceTree = "<group>"; };
		D5865B481CAEE1A400C49F63 /* VideoTabBarController.h */ = {isa = PBXFileReference; fileEncoding = 4; lastKnownFileType = sourcecode.c.h; path = VideoTabBarController.h; sourceTree = "<group>"; };
		D5865B491CAEE1A400C49F63 /* VideoTabBarController.m */ = {isa = PBXFileReference; fileEncoding = 4; lastKnownFileType = sourcecode.c.objc; path = VideoTabBarController.m; sourceTree = "<group>"; };
		D5865B4B1CAEEC6400C49F63 /* VideoTableViewCell.h */ = {isa = PBXFileReference; fileEncoding = 4; lastKnownFileType = sourcecode.c.h; path = VideoTableViewCell.h; sourceTree = "<group>"; };
		D5865B4C1CAEEC6400C49F63 /* VideoTableViewCell.m */ = {isa = PBXFileReference; fileEncoding = 4; lastKnownFileType = sourcecode.c.objc; path = VideoTableViewCell.m; sourceTree = "<group>"; };
		D5870DE81CB2C20800EFE6B9 /* LineLayout.h */ = {isa = PBXFileReference; fileEncoding = 4; lastKnownFileType = sourcecode.c.h; path = LineLayout.h; sourceTree = "<group>"; };
		D5870DE91CB2C20800EFE6B9 /* LineLayout.m */ = {isa = PBXFileReference; fileEncoding = 4; lastKnownFileType = sourcecode.c.objc; path = LineLayout.m; sourceTree = "<group>"; };
		F2444DAA5E515D0267C7C5E0 /* libPods-VideoApp.a */ = {isa = PBXFileReference; explicitFileType = archive.ar; includeInIndex = 0; path = "libPods-VideoApp.a"; sourceTree = BUILT_PRODUCTS_DIR; };
/* End PBXFileReference section */

/* Begin PBXFrameworksBuildPhase section */
		D52981731CAD7955000E2F1B /* Frameworks */ = {
			isa = PBXFrameworksBuildPhase;
			buildActionMask = 2147483647;
			files = (
				D498BB2FEC770AA26B2BE029 /* libPods-VideoApp.a in Frameworks */,
			);
			runOnlyForDeploymentPostprocessing = 0;
		};
		D529818C1CAD7955000E2F1B /* Frameworks */ = {
			isa = PBXFrameworksBuildPhase;
			buildActionMask = 2147483647;
			files = (
			);
			runOnlyForDeploymentPostprocessing = 0;
		};
		D52981971CAD7955000E2F1B /* Frameworks */ = {
			isa = PBXFrameworksBuildPhase;
			buildActionMask = 2147483647;
			files = (
			);
			runOnlyForDeploymentPostprocessing = 0;
		};
/* End PBXFrameworksBuildPhase section */

/* Begin PBXGroup section */
		471B2547FDBF1EF721092F02 /* Frameworks */ = {
			isa = PBXGroup;
			children = (
				F2444DAA5E515D0267C7C5E0 /* libPods-VideoApp.a */,
			);
			name = Frameworks;
			sourceTree = "<group>";
		};
		80DDD530107D80CED728C102 /* Pods */ = {
			isa = PBXGroup;
			children = (
				20670FB5B886BB197A686A79 /* Pods-VideoApp.debug.xcconfig */,
				25AA26CEE8C607FB070A4EF5 /* Pods-VideoApp.release.xcconfig */,
			);
			name = Pods;
			sourceTree = "<group>";
		};
		D529816D1CAD7955000E2F1B = {
			isa = PBXGroup;
			children = (
				D52981781CAD7955000E2F1B /* VideoApp */,
				D52981921CAD7955000E2F1B /* VideoAppTests */,
				D529819D1CAD7955000E2F1B /* VideoAppUITests */,
				D52981771CAD7955000E2F1B /* Products */,
				80DDD530107D80CED728C102 /* Pods */,
				471B2547FDBF1EF721092F02 /* Frameworks */,
			);
			sourceTree = "<group>";
		};
		D52981771CAD7955000E2F1B /* Products */ = {
			isa = PBXGroup;
			children = (
				D52981761CAD7955000E2F1B /* VideoApp.app */,
				D529818F1CAD7955000E2F1B /* VideoAppTests.xctest */,
				D529819A1CAD7955000E2F1B /* VideoAppUITests.xctest */,
			);
			name = Products;
			sourceTree = "<group>";
		};
		D52981781CAD7955000E2F1B /* VideoApp */ = {
			isa = PBXGroup;
			children = (
				D529817C1CAD7955000E2F1B /* AppDelegate.h */,
				D529817D1CAD7955000E2F1B /* AppDelegate.m */,
				D52981821CAD7955000E2F1B /* Main.storyboard */,
				D52981AC1CAD798F000E2F1B /* View Controllers */,
				D52981B01CAD7A96000E2F1B /* Views and Cells */,
				D52981B81CADA563000E2F1B /* Models */,
				D52981851CAD7955000E2F1B /* Assets.xcassets */,
				D52981871CAD7955000E2F1B /* LaunchScreen.storyboard */,
				D529818A1CAD7955000E2F1B /* Info.plist */,
				D52981791CAD7955000E2F1B /* Supporting Files */,
				D5870DE81CB2C20800EFE6B9 /* LineLayout.h */,
				D5870DE91CB2C20800EFE6B9 /* LineLayout.m */,
			);
			path = VideoApp;
			sourceTree = "<group>";
		};
		D52981791CAD7955000E2F1B /* Supporting Files */ = {
			isa = PBXGroup;
			children = (
				D529817A1CAD7955000E2F1B /* main.m */,
			);
			name = "Supporting Files";
			sourceTree = "<group>";
		};
		D52981921CAD7955000E2F1B /* VideoAppTests */ = {
			isa = PBXGroup;
			children = (
				D52981931CAD7955000E2F1B /* VideoAppTests.m */,
				D52981951CAD7955000E2F1B /* Info.plist */,
			);
			path = VideoAppTests;
			sourceTree = "<group>";
		};
		D529819D1CAD7955000E2F1B /* VideoAppUITests */ = {
			isa = PBXGroup;
			children = (
				D529819E1CAD7955000E2F1B /* VideoAppUITests.m */,
				D52981A01CAD7955000E2F1B /* Info.plist */,
			);
			path = VideoAppUITests;
			sourceTree = "<group>";
		};
		D52981AC1CAD798F000E2F1B /* View Controllers */ = {
			isa = PBXGroup;
			children = (
				D52981AD1CAD79B0000E2F1B /* VideoCollectionViewController.h */,
				D52981AE1CAD79B0000E2F1B /* VideoCollectionViewController.m */,
				D52981B51CAD8F30000E2F1B /* FavoriteTableViewController.h */,
				D52981B61CAD8F30000E2F1B /* FavoriteTableViewController.m */,
				D5865B481CAEE1A400C49F63 /* VideoTabBarController.h */,
				D5865B491CAEE1A400C49F63 /* VideoTabBarController.m */,
			);
			name = "View Controllers";
			sourceTree = "<group>";
		};
		D52981B01CAD7A96000E2F1B /* Views and Cells */ = {
			isa = PBXGroup;
			children = (
				D52981B11CAD7AC0000E2F1B /* VideoCollectionViewCell.h */,
				D52981B21CAD7AC0000E2F1B /* VideoCollectionViewCell.m */,
				D5865B4B1CAEEC6400C49F63 /* VideoTableViewCell.h */,
				D5865B4C1CAEEC6400C49F63 /* VideoTableViewCell.m */,
			);
			name = "Views and Cells";
			sourceTree = "<group>";
		};
		D52981B81CADA563000E2F1B /* Models */ = {
			isa = PBXGroup;
			children = (
				D52981B91CADA584000E2F1B /* Video.h */,
				D52981BA1CADA584000E2F1B /* Video.m */,
				D52981C21CADB1C4000E2F1B /* UIImage+Helpers.h */,
				D52981C31CADB1C4000E2F1B /* UIImage+Helpers.m */,
				D5865B451CAEC28100C49F63 /* VideoHelper.h */,
				D5865B461CAEC28100C49F63 /* VideoHelper.m */,
			);
			name = Models;
			sourceTree = "<group>";
		};
/* End PBXGroup section */

/* Begin PBXNativeTarget section */
		D52981751CAD7955000E2F1B /* VideoApp */ = {
			isa = PBXNativeTarget;
			buildConfigurationList = D52981A31CAD7955000E2F1B /* Build configuration list for PBXNativeTarget "VideoApp" */;
			buildPhases = (
				643290AC7FAE00D1950FE118 /* Check Pods Manifest.lock */,
				D52981721CAD7955000E2F1B /* Sources */,
				D52981731CAD7955000E2F1B /* Frameworks */,
				D52981741CAD7955000E2F1B /* Resources */,
				DB2382BB4A514DD29FDF6838 /* Copy Pods Resources */,
			);
			buildRules = (
			);
			dependencies = (
			);
			name = VideoApp;
			productName = VideoApp;
			productReference = D52981761CAD7955000E2F1B /* VideoApp.app */;
			productType = "com.apple.product-type.application";
		};
		D529818E1CAD7955000E2F1B /* VideoAppTests */ = {
			isa = PBXNativeTarget;
			buildConfigurationList = D52981A61CAD7955000E2F1B /* Build configuration list for PBXNativeTarget "VideoAppTests" */;
			buildPhases = (
				D529818B1CAD7955000E2F1B /* Sources */,
				D529818C1CAD7955000E2F1B /* Frameworks */,
				D529818D1CAD7955000E2F1B /* Resources */,
			);
			buildRules = (
			);
			dependencies = (
				D52981911CAD7955000E2F1B /* PBXTargetDependency */,
			);
			name = VideoAppTests;
			productName = VideoAppTests;
			productReference = D529818F1CAD7955000E2F1B /* VideoAppTests.xctest */;
			productType = "com.apple.product-type.bundle.unit-test";
		};
		D52981991CAD7955000E2F1B /* VideoAppUITests */ = {
			isa = PBXNativeTarget;
			buildConfigurationList = D52981A91CAD7955000E2F1B /* Build configuration list for PBXNativeTarget "VideoAppUITests" */;
			buildPhases = (
				D52981961CAD7955000E2F1B /* Sources */,
				D52981971CAD7955000E2F1B /* Frameworks */,
				D52981981CAD7955000E2F1B /* Resources */,
			);
			buildRules = (
			);
			dependencies = (
				D529819C1CAD7955000E2F1B /* PBXTargetDependency */,
			);
			name = VideoAppUITests;
			productName = VideoAppUITests;
			productReference = D529819A1CAD7955000E2F1B /* VideoAppUITests.xctest */;
			productType = "com.apple.product-type.bundle.ui-testing";
		};
/* End PBXNativeTarget section */

/* Begin PBXProject section */
		D529816E1CAD7955000E2F1B /* Project object */ = {
			isa = PBXProject;
			attributes = {
				LastUpgradeCheck = 0730;
				ORGANIZATIONNAME = "Steven Chung";
				TargetAttributes = {
					D52981751CAD7955000E2F1B = {
						CreatedOnToolsVersion = 7.3;
						DevelopmentTeam = 4GS9MV38S2;
					};
					D529818E1CAD7955000E2F1B = {
						CreatedOnToolsVersion = 7.3;
						TestTargetID = D52981751CAD7955000E2F1B;
					};
					D52981991CAD7955000E2F1B = {
						CreatedOnToolsVersion = 7.3;
						TestTargetID = D52981751CAD7955000E2F1B;
					};
				};
			};
			buildConfigurationList = D52981711CAD7955000E2F1B /* Build configuration list for PBXProject "VideoApp" */;
			compatibilityVersion = "Xcode 3.2";
			developmentRegion = English;
			hasScannedForEncodings = 0;
			knownRegions = (
				en,
				Base,
			);
			mainGroup = D529816D1CAD7955000E2F1B;
			productRefGroup = D52981771CAD7955000E2F1B /* Products */;
			projectDirPath = "";
			projectRoot = "";
			targets = (
				D52981751CAD7955000E2F1B /* VideoApp */,
				D529818E1CAD7955000E2F1B /* VideoAppTests */,
				D52981991CAD7955000E2F1B /* VideoAppUITests */,
			);
		};
/* End PBXProject section */

/* Begin PBXResourcesBuildPhase section */
		D52981741CAD7955000E2F1B /* Resources */ = {
			isa = PBXResourcesBuildPhase;
			buildActionMask = 2147483647;
			files = (
				D52981891CAD7955000E2F1B /* LaunchScreen.storyboard in Resources */,
				D52981861CAD7955000E2F1B /* Assets.xcassets in Resources */,
				D52981841CAD7955000E2F1B /* Main.storyboard in Resources */,
			);
			runOnlyForDeploymentPostprocessing = 0;
		};
		D529818D1CAD7955000E2F1B /* Resources */ = {
			isa = PBXResourcesBuildPhase;
			buildActionMask = 2147483647;
			files = (
			);
			runOnlyForDeploymentPostprocessing = 0;
		};
		D52981981CAD7955000E2F1B /* Resources */ = {
			isa = PBXResourcesBuildPhase;
			buildActionMask = 2147483647;
			files = (
			);
			runOnlyForDeploymentPostprocessing = 0;
		};
/* End PBXResourcesBuildPhase section */

/* Begin PBXShellScriptBuildPhase section */
		643290AC7FAE00D1950FE118 /* Check Pods Manifest.lock */ = {
			isa = PBXShellScriptBuildPhase;
			buildActionMask = 2147483647;
			files = (
			);
			inputPaths = (
			);
			name = "Check Pods Manifest.lock";
			outputPaths = (
			);
			runOnlyForDeploymentPostprocessing = 0;
			shellPath = /bin/sh;
			shellScript = "diff \"${PODS_ROOT}/../Podfile.lock\" \"${PODS_ROOT}/Manifest.lock\" > /dev/null\nif [[ $? != 0 ]] ; then\n    cat << EOM\nerror: The sandbox is not in sync with the Podfile.lock. Run 'pod install' or update your CocoaPods installation.\nEOM\n    exit 1\nfi\n";
			showEnvVarsInLog = 0;
		};
		DB2382BB4A514DD29FDF6838 /* Copy Pods Resources */ = {
			isa = PBXShellScriptBuildPhase;
			buildActionMask = 2147483647;
			files = (
			);
			inputPaths = (
			);
			name = "Copy Pods Resources";
			outputPaths = (
			);
			runOnlyForDeploymentPostprocessing = 0;
			shellPath = /bin/sh;
			shellScript = "\"${SRCROOT}/Pods/Target Support Files/Pods-VideoApp/Pods-VideoApp-resources.sh\"\n";
			showEnvVarsInLog = 0;
		};
/* End PBXShellScriptBuildPhase section */

/* Begin PBXSourcesBuildPhase section */
		D52981721CAD7955000E2F1B /* Sources */ = {
			isa = PBXSourcesBuildPhase;
			buildActionMask = 2147483647;
			files = (
				D52981B71CAD8F30000E2F1B /* FavoriteTableViewController.m in Sources */,
				D529817E1CAD7955000E2F1B /* AppDelegate.m in Sources */,
				D52981AF1CAD79B0000E2F1B /* VideoCollectionViewController.m in Sources */,
				D52981BB1CADA584000E2F1B /* Video.m in Sources */,
				D52981C41CADB1C4000E2F1B /* UIImage+Helpers.m in Sources */,
				D5865B4D1CAEEC6400C49F63 /* VideoTableViewCell.m in Sources */,
				D52981B31CAD7AC0000E2F1B /* VideoCollectionViewCell.m in Sources */,
				D529817B1CAD7955000E2F1B /* main.m in Sources */,
				D5870DEA1CB2C20800EFE6B9 /* LineLayout.m in Sources */,
				D5865B4A1CAEE1A400C49F63 /* VideoTabBarController.m in Sources */,
				D5865B471CAEC28100C49F63 /* VideoHelper.m in Sources */,
			);
			runOnlyForDeploymentPostprocessing = 0;
		};
		D529818B1CAD7955000E2F1B /* Sources */ = {
			isa = PBXSourcesBuildPhase;
			buildActionMask = 2147483647;
			files = (
				D52981941CAD7955000E2F1B /* VideoAppTests.m in Sources */,
			);
			runOnlyForDeploymentPostprocessing = 0;
		};
		D52981961CAD7955000E2F1B /* Sources */ = {
			isa = PBXSourcesBuildPhase;
			buildActionMask = 2147483647;
			files = (
				D529819F1CAD7955000E2F1B /* VideoAppUITests.m in Sources */,
			);
			runOnlyForDeploymentPostprocessing = 0;
		};
/* End PBXSourcesBuildPhase section */

/* Begin PBXTargetDependency section */
		D52981911CAD7955000E2F1B /* PBXTargetDependency */ = {
			isa = PBXTargetDependency;
			target = D52981751CAD7955000E2F1B /* VideoApp */;
			targetProxy = D52981901CAD7955000E2F1B /* PBXContainerItemProxy */;
		};
		D529819C1CAD7955000E2F1B /* PBXTargetDependency */ = {
			isa = PBXTargetDependency;
			target = D52981751CAD7955000E2F1B /* VideoApp */;
			targetProxy = D529819B1CAD7955000E2F1B /* PBXContainerItemProxy */;
		};
/* End PBXTargetDependency section */

/* Begin PBXVariantGroup section */
		D52981821CAD7955000E2F1B /* Main.storyboard */ = {
			isa = PBXVariantGroup;
			children = (
				D52981831CAD7955000E2F1B /* Base */,
			);
			name = Main.storyboard;
			sourceTree = "<group>";
		};
		D52981871CAD7955000E2F1B /* LaunchScreen.storyboard */ = {
			isa = PBXVariantGroup;
			children = (
				D52981881CAD7955000E2F1B /* Base */,
			);
			name = LaunchScreen.storyboard;
			sourceTree = "<group>";
		};
/* End PBXVariantGroup section */

/* Begin XCBuildConfiguration section */
		D52981A11CAD7955000E2F1B /* Debug */ = {
			isa = XCBuildConfiguration;
			buildSettings = {
				ALWAYS_SEARCH_USER_PATHS = NO;
				CLANG_ANALYZER_NONNULL = YES;
				CLANG_CXX_LANGUAGE_STANDARD = "gnu++0x";
				CLANG_CXX_LIBRARY = "libc++";
				CLANG_ENABLE_MODULES = YES;
				CLANG_ENABLE_OBJC_ARC = YES;
				CLANG_WARN_BOOL_CONVERSION = YES;
				CLANG_WARN_CONSTANT_CONVERSION = YES;
				CLANG_WARN_DIRECT_OBJC_ISA_USAGE = YES_ERROR;
				CLANG_WARN_EMPTY_BODY = YES;
				CLANG_WARN_ENUM_CONVERSION = YES;
				CLANG_WARN_INT_CONVERSION = YES;
				CLANG_WARN_OBJC_ROOT_CLASS = YES_ERROR;
				CLANG_WARN_UNREACHABLE_CODE = YES;
				CLANG_WARN__DUPLICATE_METHOD_MATCH = YES;
				"CODE_SIGN_IDENTITY[sdk=iphoneos*]" = "iPhone Developer";
				COPY_PHASE_STRIP = NO;
				DEBUG_INFORMATION_FORMAT = dwarf;
				ENABLE_STRICT_OBJC_MSGSEND = YES;
				ENABLE_TESTABILITY = YES;
				GCC_C_LANGUAGE_STANDARD = gnu99;
				GCC_DYNAMIC_NO_PIC = NO;
				GCC_NO_COMMON_BLOCKS = YES;
				GCC_OPTIMIZATION_LEVEL = 0;
				GCC_PREPROCESSOR_DEFINITIONS = (
					"DEBUG=1",
					"$(inherited)",
				);
				GCC_WARN_64_TO_32_BIT_CONVERSION = YES;
				GCC_WARN_ABOUT_RETURN_TYPE = YES_ERROR;
				GCC_WARN_UNDECLARED_SELECTOR = YES;
				GCC_WARN_UNINITIALIZED_AUTOS = YES_AGGRESSIVE;
				GCC_WARN_UNUSED_FUNCTION = YES;
				GCC_WARN_UNUSED_VARIABLE = YES;
				IPHONEOS_DEPLOYMENT_TARGET = 9.3;
				MTL_ENABLE_DEBUG_INFO = YES;
				ONLY_ACTIVE_ARCH = YES;
				SDKROOT = iphoneos;
				TARGETED_DEVICE_FAMILY = "1,2";
			};
			name = Debug;
		};
		D52981A21CAD7955000E2F1B /* Release */ = {
			isa = XCBuildConfiguration;
			buildSettings = {
				ALWAYS_SEARCH_USER_PATHS = NO;
				CLANG_ANALYZER_NONNULL = YES;
				CLANG_CXX_LANGUAGE_STANDARD = "gnu++0x";
				CLANG_CXX_LIBRARY = "libc++";
				CLANG_ENABLE_MODULES = YES;
				CLANG_ENABLE_OBJC_ARC = YES;
				CLANG_WARN_BOOL_CONVERSION = YES;
				CLANG_WARN_CONSTANT_CONVERSION = YES;
				CLANG_WARN_DIRECT_OBJC_ISA_USAGE = YES_ERROR;
				CLANG_WARN_EMPTY_BODY = YES;
				CLANG_WARN_ENUM_CONVERSION = YES;
				CLANG_WARN_INT_CONVERSION = YES;
				CLANG_WARN_OBJC_ROOT_CLASS = YES_ERROR;
				CLANG_WARN_UNREACHABLE_CODE = YES;
				CLANG_WARN__DUPLICATE_METHOD_MATCH = YES;
				"CODE_SIGN_IDENTITY[sdk=iphoneos*]" = "iPhone Developer";
				COPY_PHASE_STRIP = NO;
				DEBUG_INFORMATION_FORMAT = "dwarf-with-dsym";
				ENABLE_NS_ASSERTIONS = NO;
				ENABLE_STRICT_OBJC_MSGSEND = YES;
				GCC_C_LANGUAGE_STANDARD = gnu99;
				GCC_NO_COMMON_BLOCKS = YES;
				GCC_WARN_64_TO_32_BIT_CONVERSION = YES;
				GCC_WARN_ABOUT_RETURN_TYPE = YES_ERROR;
				GCC_WARN_UNDECLARED_SELECTOR = YES;
				GCC_WARN_UNINITIALIZED_AUTOS = YES_AGGRESSIVE;
				GCC_WARN_UNUSED_FUNCTION = YES;
				GCC_WARN_UNUSED_VARIABLE = YES;
				IPHONEOS_DEPLOYMENT_TARGET = 9.3;
				MTL_ENABLE_DEBUG_INFO = NO;
				SDKROOT = iphoneos;
				TARGETED_DEVICE_FAMILY = "1,2";
				VALIDATE_PRODUCT = YES;
			};
			name = Release;
		};
		D52981A41CAD7955000E2F1B /* Debug */ = {
			isa = XCBuildConfiguration;
			baseConfigurationReference = 20670FB5B886BB197A686A79 /* Pods-VideoApp.debug.xcconfig */;
			buildSettings = {
				ASSETCATALOG_COMPILER_APPICON_NAME = AppIcon;
				CODE_SIGN_IDENTITY = "iPhone Developer";
				"CODE_SIGN_IDENTITY[sdk=iphoneos*]" = "iPhone Developer";
				INFOPLIST_FILE = VideoApp/Info.plist;
				LD_RUNPATH_SEARCH_PATHS = "$(inherited) @executable_path/Frameworks";
				PRODUCT_BUNDLE_IDENTIFIER = com.appian.VideoApp;
				PRODUCT_NAME = "$(TARGET_NAME)";
				PROVISIONING_PROFILE = "";
			};
			name = Debug;
		};
		D52981A51CAD7955000E2F1B /* Release */ = {
			isa = XCBuildConfiguration;
			baseConfigurationReference = 25AA26CEE8C607FB070A4EF5 /* Pods-VideoApp.release.xcconfig */;
			buildSettings = {
				ASSETCATALOG_COMPILER_APPICON_NAME = AppIcon;
				CODE_SIGN_IDENTITY = "iPhone Developer";
				"CODE_SIGN_IDENTITY[sdk=iphoneos*]" = "iPhone Developer";
				INFOPLIST_FILE = VideoApp/Info.plist;
				LD_RUNPATH_SEARCH_PATHS = "$(inherited) @executable_path/Frameworks";
				PRODUCT_BUNDLE_IDENTIFIER = com.appian.VideoApp;
				PRODUCT_NAME = "$(TARGET_NAME)";
				PROVISIONING_PROFILE = "";
			};
			name = Release;
		};
		D52981A71CAD7955000E2F1B /* Debug */ = {
			isa = XCBuildConfiguration;
			buildSettings = {
				BUNDLE_LOADER = "$(TEST_HOST)";
				INFOPLIST_FILE = VideoAppTests/Info.plist;
				LD_RUNPATH_SEARCH_PATHS = "$(inherited) @executable_path/Frameworks @loader_path/Frameworks";
				PRODUCT_BUNDLE_IDENTIFIER = com.appian.VideoAppTests;
				PRODUCT_NAME = "$(TARGET_NAME)";
				TEST_HOST = "$(BUILT_PRODUCTS_DIR)/VideoApp.app/VideoApp";
			};
			name = Debug;
		};
		D52981A81CAD7955000E2F1B /* Release */ = {
			isa = XCBuildConfiguration;
			buildSettings = {
				BUNDLE_LOADER = "$(TEST_HOST)";
				INFOPLIST_FILE = VideoAppTests/Info.plist;
				LD_RUNPATH_SEARCH_PATHS = "$(inherited) @executable_path/Frameworks @loader_path/Frameworks";
				PRODUCT_BUNDLE_IDENTIFIER = com.appian.VideoAppTests;
				PRODUCT_NAME = "$(TARGET_NAME)";
				TEST_HOST = "$(BUILT_PRODUCTS_DIR)/VideoApp.app/VideoApp";
			};
			name = Release;
		};
		D52981AA1CAD7955000E2F1B /* Debug */ = {
			isa = XCBuildConfiguration;
			buildSettings = {
				INFOPLIST_FILE = VideoAppUITests/Info.plist;
				LD_RUNPATH_SEARCH_PATHS = "$(inherited) @executable_path/Frameworks @loader_path/Frameworks";
				PRODUCT_BUNDLE_IDENTIFIER = com.appian.VideoAppUITests;
				PRODUCT_NAME = "$(TARGET_NAME)";
				TEST_TARGET_NAME = VideoApp;
			};
			name = Debug;
		};
		D52981AB1CAD7955000E2F1B /* Release */ = {
			isa = XCBuildConfiguration;
			buildSettings = {
				INFOPLIST_FILE = VideoAppUITests/Info.plist;
				LD_RUNPATH_SEARCH_PATHS = "$(inherited) @executable_path/Frameworks @loader_path/Frameworks";
				PRODUCT_BUNDLE_IDENTIFIER = com.appian.VideoAppUITests;
				PRODUCT_NAME = "$(TARGET_NAME)";
				TEST_TARGET_NAME = VideoApp;
			};
			name = Release;
		};
/* End XCBuildConfiguration section */

/* Begin XCConfigurationList section */
		D52981711CAD7955000E2F1B /* Build configuration list for PBXProject "VideoApp" */ = {
			isa = XCConfigurationList;
			buildConfigurations = (
				D52981A11CAD7955000E2F1B /* Debug */,
				D52981A21CAD7955000E2F1B /* Release */,
			);
			defaultConfigurationIsVisible = 0;
			defaultConfigurationName = Release;
		};
		D52981A31CAD7955000E2F1B /* Build configuration list for PBXNativeTarget "VideoApp" */ = {
			isa = XCConfigurationList;
			buildConfigurations = (
				D52981A41CAD7955000E2F1B /* Debug */,
				D52981A51CAD7955000E2F1B /* Release */,
			);
			defaultConfigurationIsVisible = 0;
			defaultConfigurationName = Release;
		};
		D52981A61CAD7955000E2F1B /* Build configuration list for PBXNativeTarget "VideoAppTests" */ = {
			isa = XCConfigurationList;
			buildConfigurations = (
				D52981A71CAD7955000E2F1B /* Debug */,
				D52981A81CAD7955000E2F1B /* Release */,
			);
			defaultConfigurationIsVisible = 0;
			defaultConfigurationName = Release;
		};
		D52981A91CAD7955000E2F1B /* Build configuration list for PBXNativeTarget "VideoAppUITests" */ = {
			isa = XCConfigurationList;
			buildConfigurations = (
				D52981AA1CAD7955000E2F1B /* Debug */,
				D52981AB1CAD7955000E2F1B /* Release */,
			);
			defaultConfigurationIsVisible = 0;
			defaultConfigurationName = Release;
		};
/* End XCConfigurationList section */
	};
	rootObject = D529816E1CAD7955000E2F1B /* Project object */;
}
